
Microsoft Visual Studio Solution File, Format Version 12.00
# Visual Studio Version 16
VisualStudioVersion = 16.0.30404.54
MinimumVisualStudioVersion = 10.0.40219.1
Project("{FAE04EC0-301F-11D3-BF4B-00C04F79EFBC}") = "WebAppAlbum", "WebAppAlbum\WebAppAlbum.csproj", "{C21B2120-F086-4858-9B60-0E31CB506564}"
EndProject
Project("{FAE04EC0-301F-11D3-BF4B-00C04F79EFBC}") = "WAppDomain", "WAppDomain\WAppDomain.csproj", "{59A02038-EE62-46AA-9E6C-2C727881D155}"
EndProject
Project("{FAE04EC0-301F-11D3-BF4B-00C04F79EFBC}") = "WAppDomainBase", "WAppDomainBase\WAppDomainBase.csproj", "{8E1F6360-C014-4200-8AF4-0AD3B48E2D12}"
EndProject
Global
	GlobalSection(SolutionConfigurationPlatforms) = preSolution
		Debug|Any CPU = Debug|Any CPU
		Release|Any CPU = Release|Any CPU
	EndGlobalSection
	GlobalSection(ProjectConfigurationPlatforms) = postSolution
		{C21B2120-F086-4858-9B60-0E31CB506564}.Debug|Any CPU.ActiveCfg = Debug|Any CPU
		{C21B2120-F086-4858-9B60-0E31CB506564}.Debug|Any CPU.Build.0 = Debug|Any CPU
		{C21B2120-F086-4858-9B60-0E31CB506564}.Release|Any CPU.ActiveCfg = Release|Any CPU
		{C21B2120-F086-4858-9B60-0E31CB506564}.Release|Any CPU.Build.0 = Release|Any CPU
		{59A02038-EE62-46AA-9E6C-2C727881D155}.Debug|Any CPU.ActiveCfg = Debug|Any CPU
		{59A02038-EE62-46AA-9E6C-2C727881D155}.Debug|Any CPU.Build.0 = Debug|Any CPU
		{59A02038-EE62-46AA-9E6C-2C727881D155}.Release|Any CPU.ActiveCfg = Release|Any CPU
		{59A02038-EE62-46AA-9E6C-2C727881D155}.Release|Any CPU.Build.0 = Release|Any CPU
		{8E1F6360-C014-4200-8AF4-0AD3B48E2D12}.Debug|Any CPU.ActiveCfg = Debug|Any CPU
		{8E1F6360-C014-4200-8AF4-0AD3B48E2D12}.Debug|Any CPU.Build.0 = Debug|Any CPU
		{8E1F6360-C014-4200-8AF4-0AD3B48E2D12}.Release|Any CPU.ActiveCfg = Release|Any CPU
		{8E1F6360-C014-4200-8AF4-0AD3B48E2D12}.Release|Any CPU.Build.0 = Release|Any CPU
	EndGlobalSection
	GlobalSection(SolutionProperties) = preSolution
		HideSolutionNode = FALSE
	EndGlobalSection
	GlobalSection(ExtensibilityGlobals) = postSolution
		SolutionGuid = {E3ED49BC-72C9-42E0-821E-077850EF1AAC}
	EndGlobalSection
EndGlobal
